// !$*UTF8*$!
{
	archiveVersion = 1;
	classes = {
	};
	objectVersion = 50;
	objects = {

/* Begin PBXBuildFile section */
		AADCA27A267FEC44C0FB32D3 /* Pods_ListaCompra.framework in Frameworks */ = {isa = PBXBuildFile; fileRef = 3387085F16405E16E1543713 /* Pods_ListaCompra.framework */; };
		AEBAEAEA236C91790085B84C /* AppDelegate.swift in Sources */ = {isa = PBXBuildFile; fileRef = AEBAEAE9236C91790085B84C /* AppDelegate.swift */; };
		AEBAEAEC236C91790085B84C /* SceneDelegate.swift in Sources */ = {isa = PBXBuildFile; fileRef = AEBAEAEB236C91790085B84C /* SceneDelegate.swift */; };
		AEBAEAEE236C91790085B84C /* ViewController.swift in Sources */ = {isa = PBXBuildFile; fileRef = AEBAEAED236C91790085B84C /* ViewController.swift */; };
		AEBAEAF1236C91790085B84C /* Main.storyboard in Resources */ = {isa = PBXBuildFile; fileRef = AEBAEAEF236C91790085B84C /* Main.storyboard */; };
		AEBAEAF3236C91870085B84C /* Assets.xcassets in Resources */ = {isa = PBXBuildFile; fileRef = AEBAEAF2236C91870085B84C /* Assets.xcassets */; };
		AEBAEAF6236C91870085B84C /* LaunchScreen.storyboard in Resources */ = {isa = PBXBuildFile; fileRef = AEBAEAF4236C91870085B84C /* LaunchScreen.storyboard */; };
/* End PBXBuildFile section */

/* Begin PBXFileReference section */
		3387085F16405E16E1543713 /* Pods_ListaCompra.framework */ = {isa = PBXFileReference; explicitFileType = wrapper.framework; includeInIndex = 0; path = Pods_ListaCompra.framework; sourceTree = BUILT_PRODUCTS_DIR; };
		AEBAEAE6236C91780085B84C /* ListaCompra.app */ = {isa = PBXFileReference; explicitFileType = wrapper.application; includeInIndex = 0; path = ListaCompra.app; sourceTree = BUILT_PRODUCTS_DIR; };
		AEBAEAE9236C91790085B84C /* AppDelegate.swift */ = {isa = PBXFileReference; lastKnownFileType = sourcecode.swift; path = AppDelegate.swift; sourceTree = "<group>"; };
		AEBAEAEB236C91790085B84C /* SceneDelegate.swift */ = {isa = PBXFileReference; lastKnownFileType = sourcecode.swift; path = SceneDelegate.swift; sourceTree = "<group>"; };
		AEBAEAED236C91790085B84C /* ViewController.swift */ = {isa = PBXFileReference; lastKnownFileType = sourcecode.swift; path = ViewController.swift; sourceTree = "<group>"; };
		AEBAEAF0236C91790085B84C /* Base */ = {isa = PBXFileReference; lastKnownFileType = file.storyboard; name = Base; path = Base.lproj/Main.storyboard; sourceTree = "<group>"; };
		AEBAEAF2236C91870085B84C /* Assets.xcassets */ = {isa = PBXFileReference; lastKnownFileType = folder.assetcatalog; path = Assets.xcassets; sourceTree = "<group>"; };
		AEBAEAF5236C91870085B84C /* Base */ = {isa = PBXFileReference; lastKnownFileType = file.storyboard; name = Base; path = Base.lproj/LaunchScreen.storyboard; sourceTree = "<group>"; };
		AEBAEAF7236C91870085B84C /* Info.plist */ = {isa = PBXFileReference; lastKnownFileType = text.plist.xml; path = Info.plist; sourceTree = "<group>"; };
		BD3B5D84BA55A46A5B0B2977 /* Pods-ListaCompra.debug.xcconfig */ = {isa = PBXFileReference; includeInIndex = 1; lastKnownFileType = text.xcconfig; name = "Pods-ListaCompra.debug.xcconfig"; path = "Pods/Target Support Files/Pods-ListaCompra/Pods-ListaCompra.debug.xcconfig"; sourceTree = "<group>"; };
		E82C3F0DE81F6E1C49E3C953 /* Pods-ListaCompra.release.xcconfig */ = {isa = PBXFileReference; includeInIndex = 1; lastKnownFileType = text.xcconfig; name = "Pods-ListaCompra.release.xcconfig"; path = "Pods/Target Support Files/Pods-ListaCompra/Pods-ListaCompra.release.xcconfig"; sourceTree = "<group>"; };
/* End PBXFileReference section */

/* Begin PBXFrameworksBuildPhase section */
		AEBAEAE3236C91780085B84C /* Frameworks */ = {
			isa = PBXFrameworksBuildPhase;
			buildActionMask = 2147483647;
			files = (
				AADCA27A267FEC44C0FB32D3 /* Pods_ListaCompra.framework in Frameworks */,
			);
			runOnlyForDeploymentPostprocessing = 0;
		};
/* End PBXFrameworksBuildPhase section */

/* Begin PBXGroup section */
		AEBAEADD236C91780085B84C = {
			isa = PBXGroup;
			children = (
				AEBAEAE8236C91780085B84C /* ListaCompra */,
				AEBAEAE7236C91780085B84C /* Products */,
				FE35B6BBD6305D3AEBA5A2DE /* Pods */,
				B258114023F89D3BADC7D511 /* Frameworks */,
			);
			sourceTree = "<group>";
		};
		AEBAEAE7236C91780085B84C /* Products */ = {
			isa = PBXGroup;
			children = (
				AEBAEAE6236C91780085B84C /* ListaCompra.app */,
			);
			name = Products;
			sourceTree = "<group>";
		};
		AEBAEAE8236C91780085B84C /* ListaCompra */ = {
			isa = PBXGroup;
			children = (
				AEBAEAE9236C91790085B84C /* AppDelegate.swift */,
				AEBAEAEB236C91790085B84C /* SceneDelegate.swift */,
				AEBAEAED236C91790085B84C /* ViewController.swift */,
				AEBAEAEF236C91790085B84C /* Main.storyboard */,
				AEBAEAF2236C91870085B84C /* Assets.xcassets */,
				AEBAEAF4236C91870085B84C /* LaunchScreen.storyboard */,
				AEBAEAF7236C91870085B84C /* Info.plist */,
			);
			path = ListaCompra;
			sourceTree = "<group>";
		};
		B258114023F89D3BADC7D511 /* Frameworks */ = {
			isa = PBXGroup;
			children = (
				3387085F16405E16E1543713 /* Pods_ListaCompra.framework */,
			);
			name = Frameworks;
			sourceTree = "<group>";
		};
		FE35B6BBD6305D3AEBA5A2DE /* Pods */ = {
			isa = PBXGroup;
			children = (
				BD3B5D84BA55A46A5B0B2977 /* Pods-ListaCompra.debug.xcconfig */,
				E82C3F0DE81F6E1C49E3C953 /* Pods-ListaCompra.release.xcconfig */,
			);
			name = Pods;
			sourceTree = "<group>";
		};
/* End PBXGroup section */

/* Begin PBXNativeTarget section */
		AEBAEAE5236C91780085B84C /* ListaCompra */ = {
			isa = PBXNativeTarget;
			buildConfigurationList = AEBAEAFA236C91870085B84C /* Build configuration list for PBXNativeTarget "ListaCompra" */;
			buildPhases = (
				097D66EB3F2626ACBB455A7E /* [CP] Check Pods Manifest.lock */,
				AEBAEAE2236C91780085B84C /* Sources */,
				AEBAEAE3236C91780085B84C /* Frameworks */,
				AEBAEAE4236C91780085B84C /* Resources */,
				D1D42D1B3234153B0AE560F4 /* [CP] Embed Pods Frameworks */,
			);
			buildRules = (
			);
			dependencies = (
			);
			name = ListaCompra;
			productName = ListaCompra;
			productReference = AEBAEAE6236C91780085B84C /* ListaCompra.app */;
			productType = "com.apple.product-type.application";
		};
/* End PBXNativeTarget section */

/* Begin PBXProject section */
		AEBAEADE236C91780085B84C /* Project object */ = {
			isa = PBXProject;
			attributes = {
				LastSwiftUpdateCheck = 1120;
				LastUpgradeCheck = 1120;
				ORGANIZATIONNAME = "Carlos Hernandez cascajares";
				TargetAttributes = {
					AEBAEAE5236C91780085B84C = {
						CreatedOnToolsVersion = 11.2;
					};
				};
			};
			buildConfigurationList = AEBAEAE1236C91780085B84C /* Build configuration list for PBXProject "ListaCompra" */;
			compatibilityVersion = "Xcode 9.3";
			developmentRegion = en;
			hasScannedForEncodings = 0;
			knownRegions = (
				en,
				Base,
			);
			mainGroup = AEBAEADD236C91780085B84C;
			productRefGroup = AEBAEAE7236C91780085B84C /* Products */;
			projectDirPath = "";
			projectRoot = "";
			targets = (
				AEBAEAE5236C91780085B84C /* ListaCompra */,
			);
		};
/* End PBXProject section */

/* Begin PBXResourcesBuildPhase section */
		AEBAEAE4236C91780085B84C /* Resources */ = {
			isa = PBXResourcesBuildPhase;
			buildActionMask = 2147483647;
			files = (
				AEBAEAF6236C91870085B84C /* LaunchScreen.storyboard in Resources */,
				AEBAEAF3236C91870085B84C /* Assets.xcassets in Resources */,
				AEBAEAF1236C91790085B84C /* Main.storyboard in Resources */,
			);
			runOnlyForDeploymentPostprocessing = 0;
		};
/* End PBXResourcesBuildPhase section */

/* Begin PBXShellScriptBuildPhase section */
		097D66EB3F2626ACBB455A7E /* [CP] Check Pods Manifest.lock */ = {
			isa = PBXShellScriptBuildPhase;
			buildActionMask = 2147483647;
			files = (
			);
			inputFileListPaths = (
			);
			inputPaths = (
				"${PODS_PODFILE_DIR_PATH}/Podfile.lock",
				"${PODS_ROOT}/Manifest.lock",
			);
			name = "[CP] Check Pods Manifest.lock";
			outputFileListPaths = (
			);
			outputPaths = (
				"$(DERIVED_FILE_DIR)/Pods-ListaCompra-checkManifestLockResult.txt",
			);
			runOnlyForDeploymentPostprocessing = 0;
			shellPath = /bin/sh;
			shellScript = "diff \"${PODS_PODFILE_DIR_PATH}/Podfile.lock\" \"${PODS_ROOT}/Manifest.lock\" > /dev/null\nif [ $? != 0 ] ; then\n    # print error to STDERR\n    echo \"error: The sandbox is not in sync with the Podfile.lock. Run 'pod install' or update your CocoaPods installation.\" >&2\n    exit 1\nfi\n# This output is used by Xcode 'outputs' to avoid re-running this script phase.\necho \"SUCCESS\" > \"${SCRIPT_OUTPUT_FILE_0}\"\n";
			showEnvVarsInLog = 0;
		};
		D1D42D1B3234153B0AE560F4 /* [CP] Embed Pods Frameworks */ = {
			isa = PBXShellScriptBuildPhase;
			buildActionMask = 2147483647;
			files = (
			);
			inputFileListPaths = (
			);
			inputPaths = (
				"${SRCROOT}/Pods/Target Support Files/Pods-ListaCompra/Pods-ListaCompra-frameworks.sh",
				"${BUILT_PRODUCTS_DIR}/ObjcExceptionBridging/ObjcExceptionBridging.framework",
				"${BUILT_PRODUCTS_DIR}/XCGLogger/XCGLogger.framework",
			);
			name = "[CP] Embed Pods Frameworks";
			outputFileListPaths = (
			);
			outputPaths = (
				"${TARGET_BUILD_DIR}/${FRAMEWORKS_FOLDER_PATH}/ObjcExceptionBridging.framework",
				"${TARGET_BUILD_DIR}/${FRAMEWORKS_FOLDER_PATH}/XCGLogger.framework",
			);
			runOnlyForDeploymentPostprocessing = 0;
			shellPath = /bin/sh;
			shellScript = "\"${SRCROOT}/Pods/Target Support Files/Pods-ListaCompra/Pods-ListaCompra-frameworks.sh\"\n";
			showEnvVarsInLog = 0;
		};
/* End PBXShellScriptBuildPhase section */

/* Begin PBXSourcesBuildPhase section */
		AEBAEAE2236C91780085B84C /* Sources */ = {
			isa = PBXSourcesBuildPhase;
			buildActionMask = 2147483647;
			files = (
				AEBAEAEE236C91790085B84C /* ViewController.swift in Sources */,
				AEBAEAEA236C91790085B84C /* AppDelegate.swift in Sources */,
				AEBAEAEC236C91790085B84C /* SceneDelegate.swift in Sources */,
			);
			runOnlyForDeploymentPostprocessing = 0;
		};
/* End PBXSourcesBuildPhase section */

/* Begin PBXVariantGroup section */
		AEBAEAEF236C91790085B84C /* Main.storyboard */ = {
			isa = PBXVariantGroup;
			children = (
				AEBAEAF0236C91790085B84C /* Base */,
			);
			name = Main.storyboard;
			sourceTree = "<group>";
		};
		AEBAEAF4236C91870085B84C /* LaunchScreen.storyboard */ = {
			isa = PBXVariantGroup;
			children = (
				AEBAEAF5236C91870085B84C /* Base */,
			);
			name = LaunchScreen.storyboard;
			sourceTree = "<group>";
		};
/* End PBXVariantGroup section */

/* Begin XCBuildConfiguration section */
		AEBAEAF8236C91870085B84C /* Debug */ = {
			isa = XCBuildConfiguration;
			buildSettings = {
				ALWAYS_SEARCH_USER_PATHS = NO;
				CLANG_ANALYZER_NONNULL = YES;
				CLANG_ANALYZER_NUMBER_OBJECT_CONVERSION = YES_AGGRESSIVE;
				CLANG_CXX_LANGUAGE_STANDARD = "gnu++14";
				CLANG_CXX_LIBRARY = "libc++";
				CLANG_ENABLE_MODULES = YES;
				CLANG_ENABLE_OBJC_ARC = YES;
				CLANG_ENABLE_OBJC_WEAK = YES;
				CLANG_WARN_BLOCK_CAPTURE_AUTORELEASING = YES;
				CLANG_WARN_BOOL_CONVERSION = YES;
				CLANG_WARN_COMMA = YES;
				CLANG_WARN_CONSTANT_CONVERSION = YES;
				CLANG_WARN_DEPRECATED_OBJC_IMPLEMENTATIONS = YES;
				CLANG_WARN_DIRECT_OBJC_ISA_USAGE = YES_ERROR;
				CLANG_WARN_DOCUMENTATION_COMMENTS = YES;
				CLANG_WARN_EMPTY_BODY = YES;
				CLANG_WARN_ENUM_CONVERSION = YES;
				CLANG_WARN_INFINITE_RECURSION = YES;
				CLANG_WARN_INT_CONVERSION = YES;
				CLANG_WARN_NON_LITERAL_NULL_CONVERSION = YES;
				CLANG_WARN_OBJC_IMPLICIT_RETAIN_SELF = YES;
				CLANG_WARN_OBJC_LITERAL_CONVERSION = YES;
				CLANG_WARN_OBJC_ROOT_CLASS = YES_ERROR;
				CLANG_WARN_RANGE_LOOP_ANALYSIS = YES;
				CLANG_WARN_STRICT_PROTOTYPES = YES;
				CLANG_WARN_SUSPICIOUS_MOVE = YES;
				CLANG_WARN_UNGUARDED_AVAILABILITY = YES_AGGRESSIVE;
				CLANG_WARN_UNREACHABLE_CODE = YES;
				CLANG_WARN__DUPLICATE_METHOD_MATCH = YES;
				COPY_PHASE_STRIP = NO;
				DEBUG_INFORMATION_FORMAT = dwarf;
				ENABLE_STRICT_OBJC_MSGSEND = YES;
				ENABLE_TESTABILITY = YES;
				GCC_C_LANGUAGE_STANDARD = gnu11;
				GCC_DYNAMIC_NO_PIC = NO;
				GCC_NO_COMMON_BLOCKS = YES;
				GCC_OPTIMIZATION_LEVEL = 0;
				GCC_PREPROCESSOR_DEFINITIONS = (
					"DEBUG=1",
					"$(inherited)",
				);
				GCC_WARN_64_TO_32_BIT_CONVERSION = YES;
				GCC_WARN_ABOUT_RETURN_TYPE = YES_ERROR;
				GCC_WARN_UNDECLARED_SELECTOR = YES;
				GCC_WARN_UNINITIALIZED_AUTOS = YES_AGGRESSIVE;
				GCC_WARN_UNUSED_FUNCTION = YES;
				GCC_WARN_UNUSED_VARIABLE = YES;
				IPHONEOS_DEPLOYMENT_TARGET = 13.2;
				MTL_ENABLE_DEBUG_INFO = INCLUDE_SOURCE;
				MTL_FAST_MATH = YES;
				ONLY_ACTIVE_ARCH = YES;
				SDKROOT = iphoneos;
				SWIFT_ACTIVE_COMPILATION_CONDITIONS = DEBUG;
				SWIFT_OPTIMIZATION_LEVEL = "-Onone";
			};
			name = Debug;
		};
		AEBAEAF9236C91870085B84C /* Release */ = {
			isa = XCBuildConfiguration;
			buildSettings = {
				ALWAYS_SEARCH_USER_PATHS = NO;
				CLANG_ANALYZER_NONNULL = YES;
				CLANG_ANALYZER_NUMBER_OBJECT_CONVERSION = YES_AGGRESSIVE;
				CLANG_CXX_LANGUAGE_STANDARD = "gnu++14";
				CLANG_CXX_LIBRARY = "libc++";
				CLANG_ENABLE_MODULES = YES;
				CLANG_ENABLE_OBJC_ARC = YES;
				CLANG_ENABLE_OBJC_WEAK = YES;
				CLANG_WARN_BLOCK_CAPTURE_AUTORELEASING = YES;
				CLANG_WARN_BOOL_CONVERSION = YES;
				CLANG_WARN_COMMA = YES;
				CLANG_WARN_CONSTANT_CONVERSION = YES;
				CLANG_WARN_DEPRECATED_OBJC_IMPLEMENTATIONS = YES;
				CLANG_WARN_DIRECT_OBJC_ISA_USAGE = YES_ERROR;
				CLANG_WARN_DOCUMENTATION_COMMENTS = YES;
				CLANG_WARN_EMPTY_BODY = YES;
				CLANG_WARN_ENUM_CONVERSION = YES;
				CLANG_WARN_INFINITE_RECURSION = YES;
				CLANG_WARN_INT_CONVERSION = YES;
				CLANG_WARN_NON_LITERAL_NULL_CONVERSION = YES;
				CLANG_WARN_OBJC_IMPLICIT_RETAIN_SELF = YES;
				CLANG_WARN_OBJC_LITERAL_CONVERSION = YES;
				CLANG_WARN_OBJC_ROOT_CLASS = YES_ERROR;
				CLANG_WARN_RANGE_LOOP_ANALYSIS = YES;
				CLANG_WARN_STRICT_PROTOTYPES = YES;
				CLANG_WARN_SUSPICIOUS_MOVE = YES;
				CLANG_WARN_UNGUARDED_AVAILABILITY = YES_AGGRESSIVE;
				CLANG_WARN_UNREACHABLE_CODE = YES;
				CLANG_WARN__DUPLICATE_METHOD_MATCH = YES;
				COPY_PHASE_STRIP = NO;
				DEBUG_INFORMATION_FORMAT = "dwarf-with-dsym";
				ENABLE_NS_ASSERTIONS = NO;
				ENABLE_STRICT_OBJC_MSGSEND = YES;
				GCC_C_LANGUAGE_STANDARD = gnu11;
				GCC_NO_COMMON_BLOCKS = YES;
				GCC_WARN_64_TO_32_BIT_CONVERSION = YES;
				GCC_WARN_ABOUT_RETURN_TYPE = YES_ERROR;
				GCC_WARN_UNDECLARED_SELECTOR = YES;
				GCC_WARN_UNINITIALIZED_AUTOS = YES_AGGRESSIVE;
				GCC_WARN_UNUSED_FUNCTION = YES;
				GCC_WARN_UNUSED_VARIABLE = YES;
				IPHONEOS_DEPLOYMENT_TARGET = 13.2;
				MTL_ENABLE_DEBUG_INFO = NO;
				MTL_FAST_MATH = YES;
				SDKROOT = iphoneos;
				SWIFT_COMPILATION_MODE = wholemodule;
				SWIFT_OPTIMIZATION_LEVEL = "-O";
				VALIDATE_PRODUCT = YES;
			};
			name = Release;
		};
		AEBAEAFB236C91870085B84C /* Debug */ = {
			isa = XCBuildConfiguration;
			baseConfigurationReference = BD3B5D84BA55A46A5B0B2977 /* Pods-ListaCompra.debug.xcconfig */;
			buildSettings = {
				ASSETCATALOG_COMPILER_APPICON_NAME = AppIcon;
				CODE_SIGN_STYLE = Automatic;
				DEVELOPMENT_TEAM = 2GU265WE5K;
				INFOPLIST_FILE = ListaCompra/Info.plist;
				IPHONEOS_DEPLOYMENT_TARGET = 12.1;
				LD_RUNPATH_SEARCH_PATHS = (
					"$(inherited)",
					"@executable_path/Frameworks",
				);
				PRODUCT_BUNDLE_IDENTIFIER = com.carloshernandezcascajares.ListaCompra;
				PRODUCT_NAME = "$(TARGET_NAME)";
				SWIFT_VERSION = 5.0;
				TARGETED_DEVICE_FAMILY = "1,2";
			};
			name = Debug;
		};
		AEBAEAFC236C91870085B84C /* Release */ = {
			isa = XCBuildConfiguration;
			baseConfigurationReference = E82C3F0DE81F6E1C49E3C953 /* Pods-ListaCompra.release.xcconfig */;
			buildSettings = {
				ASSETCATALOG_COMPILER_APPICON_NAME = AppIcon;
				CODE_SIGN_STYLE = Automatic;
				DEVELOPMENT_TEAM = 2GU265WE5K;
				INFOPLIST_FILE = ListaCompra/Info.plist;
				IPHONEOS_DEPLOYMENT_TARGET = 12.1;
				LD_RUNPATH_SEARCH_PATHS = (
					"$(inherited)",
					"@executable_path/Frameworks",
				);
				PRODUCT_BUNDLE_IDENTIFIER = com.carloshernandezcascajares.ListaCompra;
				PRODUCT_NAME = "$(TARGET_NAME)";
				SWIFT_VERSION = 5.0;
				TARGETED_DEVICE_FAMILY = "1,2";
			};
			name = Release;
		};
/* End XCBuildConfiguration section */

/* Begin XCConfigurationList section */
		AEBAEAE1236C91780085B84C /* Build configuration list for PBXProject "ListaCompra" */ = {
			isa = XCConfigurationList;
			buildConfigurations = (
				AEBAEAF8236C91870085B84C /* Debug */,
				AEBAEAF9236C91870085B84C /* Release */,
			);
			defaultConfigurationIsVisible = 0;
			defaultConfigurationName = Release;
		};
		AEBAEAFA236C91870085B84C /* Build configuration list for PBXNativeTarget "ListaCompra" */ = {
			isa = XCConfigurationList;
			buildConfigurations = (
				AEBAEAFB236C91870085B84C /* Debug */,
				AEBAEAFC236C91870085B84C /* Release */,
			);
			defaultConfigurationIsVisible = 0;
			defaultConfigurationName = Release;
		};
/* End XCConfigurationList section */
	};
	rootObject = AEBAEADE236C91780085B84C /* Project object */;
}
